
Microsoft Visual Studio Solution File, Format Version 12.00
# Visual Studio Version 16
VisualStudioVersion = 16.0.30611.23
MinimumVisualStudioVersion = 10.0.40219.1
Project("{FAE04EC0-301F-11D3-BF4B-00C04F79EFBC}") = "CeasarCrypto", "CeasarCrypto\CeasarCrypto.csproj", "{979B5363-F927-4E9B-8CF4-FDBB9AC3C823}"
EndProject
Global
	GlobalSection(SolutionConfigurationPlatforms) = preSolution
		Debug|Any CPU = Debug|Any CPU
		Release|Any CPU = Release|Any CPU
	EndGlobalSection
	GlobalSection(ProjectConfigurationPlatforms) = postSolution
		{979B5363-F927-4E9B-8CF4-FDBB9AC3C823}.Debug|Any CPU.ActiveCfg = Debug|Any CPU
		{979B5363-F927-4E9B-8CF4-FDBB9AC3C823}.Debug|Any CPU.Build.0 = Debug|Any CPU
		{979B5363-F927-4E9B-8CF4-FDBB9AC3C823}.Release|Any CPU.ActiveCfg = Release|Any CPU
		{979B5363-F927-4E9B-8CF4-FDBB9AC3C823}.Release|Any CPU.Build.0 = Release|Any CPU
	EndGlobalSection
	GlobalSection(SolutionProperties) = preSolution
		HideSolutionNode = FALSE
	EndGlobalSection
	GlobalSection(ExtensibilityGlobals) = postSolution
		SolutionGuid = {F76EE72B-FB6D-46CF-B4B2-93843B117F2F}
	EndGlobalSection
EndGlobal
